
Microsoft Visual Studio Solution File, Format Version 12.00
# Visual Studio Version 17
VisualStudioVersion = 17.0.31903.59
MinimumVisualStudioVersion = 10.0.40219.1
Project("{FAE04EC0-301F-11D3-BF4B-00C04F79EFBC}") = "se", "se\se.csproj", "{3F948B3A-7716-4E4F-81A3-3B84EB6C009C}"
EndProject
Project("{2150E333-8FDC-42A3-9474-1A3956D46DE8}") = "Authentication", "Authentication", "{4695A4CC-2808-B473-78D8-BE303A4A5026}"
EndProject
Project("{2150E333-8FDC-42A3-9474-1A3956D46DE8}") = "Authorization", "Authorization", "{278F3FFB-8C21-435B-507F-61B78986A400}"
EndProject
Project("{2150E333-8FDC-42A3-9474-1A3956D46DE8}") = "ApiGateway", "ApiGateway", "{25D181DD-5CC9-F0B3-C64F-91E1AA77FD70}"
EndProject
Project("{FAE04EC0-301F-11D3-BF4B-00C04F79EFBC}") = "ClassLibrary1", "Authorization\ClassLibrary1\ClassLibrary1.csproj", "{19C80A1E-337C-4C07-8DD7-BEF87AE70E9C}"
EndProject
Project("{FAE04EC0-301F-11D3-BF4B-00C04F79EFBC}") = "ClassLibrary1", "Authentication\ClassLibrary1\ClassLibrary1.csproj", "{D9C270D7-E84E-4CB5-BB38-EF0DD2A03016}"
EndProject
Project("{FAE04EC0-301F-11D3-BF4B-00C04F79EFBC}") = "ClassLibrary1", "ApiGateway\ClassLibrary1\ClassLibrary1.csproj", "{7C3FB205-19F8-47D9-AD88-9B81285E406E}"
EndProject
Project("{FAE04EC0-301F-11D3-BF4B-00C04F79EFBC}") = "api", "authentication\api\api.csproj", "{6436BB4E-4217-46CC-ABE3-88253DEF4818}"
EndProject
Project("{FAE04EC0-301F-11D3-BF4B-00C04F79EFBC}") = "domain", "authentication\domain\domain.csproj", "{F30C6B6B-FE6B-4951-A668-37AAEB1B73D4}"
EndProject
Project("{FAE04EC0-301F-11D3-BF4B-00C04F79EFBC}") = "infrastructure", "authentication\infrastructure\infrastructure.csproj", "{8FBF352D-B1B5-4336-BC1B-0D67BD559ECA}"
EndProject
Project("{FAE04EC0-301F-11D3-BF4B-00C04F79EFBC}") = "application", "authentication\application\application.csproj", "{3F11E683-A240-472C-B24F-652462359868}"
EndProject
Project("{FAE04EC0-301F-11D3-BF4B-00C04F79EFBC}") = "api", "authorization\api\api.csproj", "{946E919E-EA31-4B2A-BE18-D8CCA7E2A687}"
EndProject
Project("{FAE04EC0-301F-11D3-BF4B-00C04F79EFBC}") = "domain", "authorization\domain\domain.csproj", "{513D078D-4301-4BCE-8502-7714CE5B03D7}"
EndProject
Project("{FAE04EC0-301F-11D3-BF4B-00C04F79EFBC}") = "infrastructure", "authorization\infrastructure\infrastructure.csproj", "{CCD32EF4-7D63-418C-A73B-3F9E2FDD881F}"
EndProject
Project("{FAE04EC0-301F-11D3-BF4B-00C04F79EFBC}") = "application", "authorization\application\application.csproj", "{019C1A75-43B2-4C07-8C19-55BE2E7B73BE}"
EndProject
Global
	GlobalSection(SolutionConfigurationPlatforms) = preSolution
		Debug|Any CPU = Debug|Any CPU
		Debug|x64 = Debug|x64
		Debug|x86 = Debug|x86
		Release|Any CPU = Release|Any CPU
		Release|x64 = Release|x64
		Release|x86 = Release|x86
	EndGlobalSection
	GlobalSection(ProjectConfigurationPlatforms) = postSolution
		{3F948B3A-7716-4E4F-81A3-3B84EB6C009C}.Debug|Any CPU.ActiveCfg = Debug|Any CPU
		{3F948B3A-7716-4E4F-81A3-3B84EB6C009C}.Debug|Any CPU.Build.0 = Debug|Any CPU
		{3F948B3A-7716-4E4F-81A3-3B84EB6C009C}.Debug|x64.ActiveCfg = Debug|Any CPU
		{3F948B3A-7716-4E4F-81A3-3B84EB6C009C}.Debug|x64.Build.0 = Debug|Any CPU
		{3F948B3A-7716-4E4F-81A3-3B84EB6C009C}.Debug|x86.ActiveCfg = Debug|Any CPU
		{3F948B3A-7716-4E4F-81A3-3B84EB6C009C}.Debug|x86.Build.0 = Debug|Any CPU
		{3F948B3A-7716-4E4F-81A3-3B84EB6C009C}.Release|Any CPU.ActiveCfg = Release|Any CPU
		{3F948B3A-7716-4E4F-81A3-3B84EB6C009C}.Release|Any CPU.Build.0 = Release|Any CPU
		{3F948B3A-7716-4E4F-81A3-3B84EB6C009C}.Release|x64.ActiveCfg = Release|Any CPU
		{3F948B3A-7716-4E4F-81A3-3B84EB6C009C}.Release|x64.Build.0 = Release|Any CPU
		{3F948B3A-7716-4E4F-81A3-3B84EB6C009C}.Release|x86.ActiveCfg = Release|Any CPU
		{3F948B3A-7716-4E4F-81A3-3B84EB6C009C}.Release|x86.Build.0 = Release|Any CPU
		{19C80A1E-337C-4C07-8DD7-BEF87AE70E9C}.Debug|Any CPU.ActiveCfg = Debug|Any CPU
		{19C80A1E-337C-4C07-8DD7-BEF87AE70E9C}.Debug|Any CPU.Build.0 = Debug|Any CPU
		{19C80A1E-337C-4C07-8DD7-BEF87AE70E9C}.Debug|x64.ActiveCfg = Debug|Any CPU
		{19C80A1E-337C-4C07-8DD7-BEF87AE70E9C}.Debug|x64.Build.0 = Debug|Any CPU
		{19C80A1E-337C-4C07-8DD7-BEF87AE70E9C}.Debug|x86.ActiveCfg = Debug|Any CPU
		{19C80A1E-337C-4C07-8DD7-BEF87AE70E9C}.Debug|x86.Build.0 = Debug|Any CPU
		{19C80A1E-337C-4C07-8DD7-BEF87AE70E9C}.Release|Any CPU.ActiveCfg = Release|Any CPU
		{19C80A1E-337C-4C07-8DD7-BEF87AE70E9C}.Release|Any CPU.Build.0 = Release|Any CPU
		{19C80A1E-337C-4C07-8DD7-BEF87AE70E9C}.Release|x64.ActiveCfg = Release|Any CPU
		{19C80A1E-337C-4C07-8DD7-BEF87AE70E9C}.Release|x64.Build.0 = Release|Any CPU
		{19C80A1E-337C-4C07-8DD7-BEF87AE70E9C}.Release|x86.ActiveCfg = Release|Any CPU
		{19C80A1E-337C-4C07-8DD7-BEF87AE70E9C}.Release|x86.Build.0 = Release|Any CPU
		{D9C270D7-E84E-4CB5-BB38-EF0DD2A03016}.Debug|Any CPU.ActiveCfg = Debug|Any CPU
		{D9C270D7-E84E-4CB5-BB38-EF0DD2A03016}.Debug|Any CPU.Build.0 = Debug|Any CPU
		{D9C270D7-E84E-4CB5-BB38-EF0DD2A03016}.Debug|x64.ActiveCfg = Debug|Any CPU
		{D9C270D7-E84E-4CB5-BB38-EF0DD2A03016}.Debug|x64.Build.0 = Debug|Any CPU
		{D9C270D7-E84E-4CB5-BB38-EF0DD2A03016}.Debug|x86.ActiveCfg = Debug|Any CPU
		{D9C270D7-E84E-4CB5-BB38-EF0DD2A03016}.Debug|x86.Build.0 = Debug|Any CPU
		{D9C270D7-E84E-4CB5-BB38-EF0DD2A03016}.Release|Any CPU.ActiveCfg = Release|Any CPU
		{D9C270D7-E84E-4CB5-BB38-EF0DD2A03016}.Release|Any CPU.Build.0 = Release|Any CPU
		{D9C270D7-E84E-4CB5-BB38-EF0DD2A03016}.Release|x64.ActiveCfg = Release|Any CPU
		{D9C270D7-E84E-4CB5-BB38-EF0DD2A03016}.Release|x64.Build.0 = Release|Any CPU
		{D9C270D7-E84E-4CB5-BB38-EF0DD2A03016}.Release|x86.ActiveCfg = Release|Any CPU
		{D9C270D7-E84E-4CB5-BB38-EF0DD2A03016}.Release|x86.Build.0 = Release|Any CPU
		{7C3FB205-19F8-47D9-AD88-9B81285E406E}.Debug|Any CPU.ActiveCfg = Debug|Any CPU
		{7C3FB205-19F8-47D9-AD88-9B81285E406E}.Debug|Any CPU.Build.0 = Debug|Any CPU
		{7C3FB205-19F8-47D9-AD88-9B81285E406E}.Debug|x64.ActiveCfg = Debug|Any CPU
		{7C3FB205-19F8-47D9-AD88-9B81285E406E}.Debug|x64.Build.0 = Debug|Any CPU
		{7C3FB205-19F8-47D9-AD88-9B81285E406E}.Debug|x86.ActiveCfg = Debug|Any CPU
		{7C3FB205-19F8-47D9-AD88-9B81285E406E}.Debug|x86.Build.0 = Debug|Any CPU
		{7C3FB205-19F8-47D9-AD88-9B81285E406E}.Release|Any CPU.ActiveCfg = Release|Any CPU
		{7C3FB205-19F8-47D9-AD88-9B81285E406E}.Release|Any CPU.Build.0 = Release|Any CPU
		{7C3FB205-19F8-47D9-AD88-9B81285E406E}.Release|x64.ActiveCfg = Release|Any CPU
		{7C3FB205-19F8-47D9-AD88-9B81285E406E}.Release|x64.Build.0 = Release|Any CPU
		{7C3FB205-19F8-47D9-AD88-9B81285E406E}.Release|x86.ActiveCfg = Release|Any CPU
		{7C3FB205-19F8-47D9-AD88-9B81285E406E}.Release|x86.Build.0 = Release|Any CPU
		{6436BB4E-4217-46CC-ABE3-88253DEF4818}.Debug|Any CPU.ActiveCfg = Debug|Any CPU
		{6436BB4E-4217-46CC-ABE3-88253DEF4818}.Debug|Any CPU.Build.0 = Debug|Any CPU
		{6436BB4E-4217-46CC-ABE3-88253DEF4818}.Debug|x64.ActiveCfg = Debug|Any CPU
		{6436BB4E-4217-46CC-ABE3-88253DEF4818}.Debug|x64.Build.0 = Debug|Any CPU
		{6436BB4E-4217-46CC-ABE3-88253DEF4818}.Debug|x86.ActiveCfg = Debug|Any CPU
		{6436BB4E-4217-46CC-ABE3-88253DEF4818}.Debug|x86.Build.0 = Debug|Any CPU
		{6436BB4E-4217-46CC-ABE3-88253DEF4818}.Release|Any CPU.ActiveCfg = Release|Any CPU
		{6436BB4E-4217-46CC-ABE3-88253DEF4818}.Release|Any CPU.Build.0 = Release|Any CPU
		{6436BB4E-4217-46CC-ABE3-88253DEF4818}.Release|x64.ActiveCfg = Release|Any CPU
		{6436BB4E-4217-46CC-ABE3-88253DEF4818}.Release|x64.Build.0 = Release|Any CPU
		{6436BB4E-4217-46CC-ABE3-88253DEF4818}.Release|x86.ActiveCfg = Release|Any CPU
		{6436BB4E-4217-46CC-ABE3-88253DEF4818}.Release|x86.Build.0 = Release|Any CPU
		{F30C6B6B-FE6B-4951-A668-37AAEB1B73D4}.Debug|Any CPU.ActiveCfg = Debug|Any CPU
		{F30C6B6B-FE6B-4951-A668-37AAEB1B73D4}.Debug|Any CPU.Build.0 = Debug|Any CPU
		{F30C6B6B-FE6B-4951-A668-37AAEB1B73D4}.Debug|x64.ActiveCfg = Debug|Any CPU
		{F30C6B6B-FE6B-4951-A668-37AAEB1B73D4}.Debug|x64.Build.0 = Debug|Any CPU
		{F30C6B6B-FE6B-4951-A668-37AAEB1B73D4}.Debug|x86.ActiveCfg = Debug|Any CPU
		{F30C6B6B-FE6B-4951-A668-37AAEB1B73D4}.Debug|x86.Build.0 = Debug|Any CPU
		{F30C6B6B-FE6B-4951-A668-37AAEB1B73D4}.Release|Any CPU.ActiveCfg = Release|Any CPU
		{F30C6B6B-FE6B-4951-A668-37AAEB1B73D4}.Release|Any CPU.Build.0 = Release|Any CPU
		{F30C6B6B-FE6B-4951-A668-37AAEB1B73D4}.Release|x64.ActiveCfg = Release|Any CPU
		{F30C6B6B-FE6B-4951-A668-37AAEB1B73D4}.Release|x64.Build.0 = Release|Any CPU
		{F30C6B6B-FE6B-4951-A668-37AAEB1B73D4}.Release|x86.ActiveCfg = Release|Any CPU
		{F30C6B6B-FE6B-4951-A668-37AAEB1B73D4}.Release|x86.Build.0 = Release|Any CPU
		{8FBF352D-B1B5-4336-BC1B-0D67BD559ECA}.Debug|Any CPU.ActiveCfg = Debug|Any CPU
		{8FBF352D-B1B5-4336-BC1B-0D67BD559ECA}.Debug|Any CPU.Build.0 = Debug|Any CPU
		{8FBF352D-B1B5-4336-BC1B-0D67BD559ECA}.Debug|x64.ActiveCfg = Debug|Any CPU
		{8FBF352D-B1B5-4336-BC1B-0D67BD559ECA}.Debug|x64.Build.0 = Debug|Any CPU
		{8FBF352D-B1B5-4336-BC1B-0D67BD559ECA}.Debug|x86.ActiveCfg = Debug|Any CPU
		{8FBF352D-B1B5-4336-BC1B-0D67BD559ECA}.Debug|x86.Build.0 = Debug|Any CPU
		{8FBF352D-B1B5-4336-BC1B-0D67BD559ECA}.Release|Any CPU.ActiveCfg = Release|Any CPU
		{8FBF352D-B1B5-4336-BC1B-0D67BD559ECA}.Release|Any CPU.Build.0 = Release|Any CPU
		{8FBF352D-B1B5-4336-BC1B-0D67BD559ECA}.Release|x64.ActiveCfg = Release|Any CPU
		{8FBF352D-B1B5-4336-BC1B-0D67BD559ECA}.Release|x64.Build.0 = Release|Any CPU
		{8FBF352D-B1B5-4336-BC1B-0D67BD559ECA}.Release|x86.ActiveCfg = Release|Any CPU
		{8FBF352D-B1B5-4336-BC1B-0D67BD559ECA}.Release|x86.Build.0 = Release|Any CPU
		{3F11E683-A240-472C-B24F-652462359868}.Debug|Any CPU.ActiveCfg = Debug|Any CPU
		{3F11E683-A240-472C-B24F-652462359868}.Debug|Any CPU.Build.0 = Debug|Any CPU
		{3F11E683-A240-472C-B24F-652462359868}.Debug|x64.ActiveCfg = Debug|Any CPU
		{3F11E683-A240-472C-B24F-652462359868}.Debug|x64.Build.0 = Debug|Any CPU
		{3F11E683-A240-472C-B24F-652462359868}.Debug|x86.ActiveCfg = Debug|Any CPU
		{3F11E683-A240-472C-B24F-652462359868}.Debug|x86.Build.0 = Debug|Any CPU
		{3F11E683-A240-472C-B24F-652462359868}.Release|Any CPU.ActiveCfg = Release|Any CPU
		{3F11E683-A240-472C-B24F-652462359868}.Release|Any CPU.Build.0 = Release|Any CPU
		{3F11E683-A240-472C-B24F-652462359868}.Release|x64.ActiveCfg = Release|Any CPU
		{3F11E683-A240-472C-B24F-652462359868}.Release|x64.Build.0 = Release|Any CPU
		{3F11E683-A240-472C-B24F-652462359868}.Release|x86.ActiveCfg = Release|Any CPU
		{3F11E683-A240-472C-B24F-652462359868}.Release|x86.Build.0 = Release|Any CPU
		{946E919E-EA31-4B2A-BE18-D8CCA7E2A687}.Debug|Any CPU.ActiveCfg = Debug|Any CPU
		{946E919E-EA31-4B2A-BE18-D8CCA7E2A687}.Debug|Any CPU.Build.0 = Debug|Any CPU
		{946E919E-EA31-4B2A-BE18-D8CCA7E2A687}.Debug|x64.ActiveCfg = Debug|Any CPU
		{946E919E-EA31-4B2A-BE18-D8CCA7E2A687}.Debug|x64.Build.0 = Debug|Any CPU
		{946E919E-EA31-4B2A-BE18-D8CCA7E2A687}.Debug|x86.ActiveCfg = Debug|Any CPU
		{946E919E-EA31-4B2A-BE18-D8CCA7E2A687}.Debug|x86.Build.0 = Debug|Any CPU
		{946E919E-EA31-4B2A-BE18-D8CCA7E2A687}.Release|Any CPU.ActiveCfg = Release|Any CPU
		{946E919E-EA31-4B2A-BE18-D8CCA7E2A687}.Release|Any CPU.Build.0 = Release|Any CPU
		{946E919E-EA31-4B2A-BE18-D8CCA7E2A687}.Release|x64.ActiveCfg = Release|Any CPU
		{946E919E-EA31-4B2A-BE18-D8CCA7E2A687}.Release|x64.Build.0 = Release|Any CPU
		{946E919E-EA31-4B2A-BE18-D8CCA7E2A687}.Release|x86.ActiveCfg = Release|Any CPU
		{946E919E-EA31-4B2A-BE18-D8CCA7E2A687}.Release|x86.Build.0 = Release|Any CPU
		{513D078D-4301-4BCE-8502-7714CE5B03D7}.Debug|Any CPU.ActiveCfg = Debug|Any CPU
		{513D078D-4301-4BCE-8502-7714CE5B03D7}.Debug|Any CPU.Build.0 = Debug|Any CPU
		{513D078D-4301-4BCE-8502-7714CE5B03D7}.Debug|x64.ActiveCfg = Debug|Any CPU
		{513D078D-4301-4BCE-8502-7714CE5B03D7}.Debug|x64.Build.0 = Debug|Any CPU
		{513D078D-4301-4BCE-8502-7714CE5B03D7}.Debug|x86.ActiveCfg = Debug|Any CPU
		{513D078D-4301-4BCE-8502-7714CE5B03D7}.Debug|x86.Build.0 = Debug|Any CPU
		{513D078D-4301-4BCE-8502-7714CE5B03D7}.Release|Any CPU.ActiveCfg = Release|Any CPU
		{513D078D-4301-4BCE-8502-7714CE5B03D7}.Release|Any CPU.Build.0 = Release|Any CPU
		{513D078D-4301-4BCE-8502-7714CE5B03D7}.Release|x64.ActiveCfg = Release|Any CPU
		{513D078D-4301-4BCE-8502-7714CE5B03D7}.Release|x64.Build.0 = Release|Any CPU
		{513D078D-4301-4BCE-8502-7714CE5B03D7}.Release|x86.ActiveCfg = Release|Any CPU
		{513D078D-4301-4BCE-8502-7714CE5B03D7}.Release|x86.Build.0 = Release|Any CPU
		{CCD32EF4-7D63-418C-A73B-3F9E2FDD881F}.Debug|Any CPU.ActiveCfg = Debug|Any CPU
		{CCD32EF4-7D63-418C-A73B-3F9E2FDD881F}.Debug|Any CPU.Build.0 = Debug|Any CPU
		{CCD32EF4-7D63-418C-A73B-3F9E2FDD881F}.Debug|x64.ActiveCfg = Debug|Any CPU
		{CCD32EF4-7D63-418C-A73B-3F9E2FDD881F}.Debug|x64.Build.0 = Debug|Any CPU
		{CCD32EF4-7D63-418C-A73B-3F9E2FDD881F}.Debug|x86.ActiveCfg = Debug|Any CPU
		{CCD32EF4-7D63-418C-A73B-3F9E2FDD881F}.Debug|x86.Build.0 = Debug|Any CPU
		{CCD32EF4-7D63-418C-A73B-3F9E2FDD881F}.Release|Any CPU.ActiveCfg = Release|Any CPU
		{CCD32EF4-7D63-418C-A73B-3F9E2FDD881F}.Release|Any CPU.Build.0 = Release|Any CPU
		{CCD32EF4-7D63-418C-A73B-3F9E2FDD881F}.Release|x64.ActiveCfg = Release|Any CPU
		{CCD32EF4-7D63-418C-A73B-3F9E2FDD881F}.Release|x64.Build.0 = Release|Any CPU
		{CCD32EF4-7D63-418C-A73B-3F9E2FDD881F}.Release|x86.ActiveCfg = Release|Any CPU
		{CCD32EF4-7D63-418C-A73B-3F9E2FDD881F}.Release|x86.Build.0 = Release|Any CPU
		{019C1A75-43B2-4C07-8C19-55BE2E7B73BE}.Debug|Any CPU.ActiveCfg = Debug|Any CPU
		{019C1A75-43B2-4C07-8C19-55BE2E7B73BE}.Debug|Any CPU.Build.0 = Debug|Any CPU
		{019C1A75-43B2-4C07-8C19-55BE2E7B73BE}.Debug|x64.ActiveCfg = Debug|Any CPU
		{019C1A75-43B2-4C07-8C19-55BE2E7B73BE}.Debug|x64.Build.0 = Debug|Any CPU
		{019C1A75-43B2-4C07-8C19-55BE2E7B73BE}.Debug|x86.ActiveCfg = Debug|Any CPU
		{019C1A75-43B2-4C07-8C19-55BE2E7B73BE}.Debug|x86.Build.0 = Debug|Any CPU
		{019C1A75-43B2-4C07-8C19-55BE2E7B73BE}.Release|Any CPU.ActiveCfg = Release|Any CPU
		{019C1A75-43B2-4C07-8C19-55BE2E7B73BE}.Release|Any CPU.Build.0 = Release|Any CPU
		{019C1A75-43B2-4C07-8C19-55BE2E7B73BE}.Release|x64.ActiveCfg = Release|Any CPU
		{019C1A75-43B2-4C07-8C19-55BE2E7B73BE}.Release|x64.Build.0 = Release|Any CPU
		{019C1A75-43B2-4C07-8C19-55BE2E7B73BE}.Release|x86.ActiveCfg = Release|Any CPU
		{019C1A75-43B2-4C07-8C19-55BE2E7B73BE}.Release|x86.Build.0 = Release|Any CPU
	EndGlobalSection
	GlobalSection(SolutionProperties) = preSolution
		HideSolutionNode = FALSE
	EndGlobalSection
	GlobalSection(NestedProjects) = preSolution
		{19C80A1E-337C-4C07-8DD7-BEF87AE70E9C} = {278F3FFB-8C21-435B-507F-61B78986A400}
		{D9C270D7-E84E-4CB5-BB38-EF0DD2A03016} = {4695A4CC-2808-B473-78D8-BE303A4A5026}
		{7C3FB205-19F8-47D9-AD88-9B81285E406E} = {25D181DD-5CC9-F0B3-C64F-91E1AA77FD70}
		{6436BB4E-4217-46CC-ABE3-88253DEF4818} = {4695A4CC-2808-B473-78D8-BE303A4A5026}
		{F30C6B6B-FE6B-4951-A668-37AAEB1B73D4} = {4695A4CC-2808-B473-78D8-BE303A4A5026}
		{8FBF352D-B1B5-4336-BC1B-0D67BD559ECA} = {4695A4CC-2808-B473-78D8-BE303A4A5026}
		{3F11E683-A240-472C-B24F-652462359868} = {4695A4CC-2808-B473-78D8-BE303A4A5026}
		{946E919E-EA31-4B2A-BE18-D8CCA7E2A687} = {278F3FFB-8C21-435B-507F-61B78986A400}
		{513D078D-4301-4BCE-8502-7714CE5B03D7} = {278F3FFB-8C21-435B-507F-61B78986A400}
		{CCD32EF4-7D63-418C-A73B-3F9E2FDD881F} = {278F3FFB-8C21-435B-507F-61B78986A400}
		{019C1A75-43B2-4C07-8C19-55BE2E7B73BE} = {278F3FFB-8C21-435B-507F-61B78986A400}
	EndGlobalSection
EndGlobal
