
Microsoft Visual Studio Solution File, Format Version 12.00
# Visual Studio Version 17
VisualStudioVersion = 17.0.31903.59
MinimumVisualStudioVersion = 10.0.40219.1
Project("{2150E333-8FDC-42A3-9474-1A3956D46DE8}") = "authentication", "authentication", "{4695A4CC-2808-B473-78D8-BE303A4A5026}"
EndProject
Project("{FAE04EC0-301F-11D3-BF4B-00C04F79EFBC}") = "api", "authentication\api\api.csproj", "{962E1245-A4C2-421A-8D1D-CA90ADEC374F}"
EndProject
Project("{FAE04EC0-301F-11D3-BF4B-00C04F79EFBC}") = "infrastructure", "authentication\infrastructure\infrastructure.csproj", "{ABE0767A-6EDF-4867-BF35-BD703DAD593C}"
EndProject
Project("{FAE04EC0-301F-11D3-BF4B-00C04F79EFBC}") = "domain", "authentication\domain\domain.csproj", "{F96396B2-7B1D-44FE-82FC-BEFB919AB369}"
EndProject
Project("{FAE04EC0-301F-11D3-BF4B-00C04F79EFBC}") = "application", "authentication\application\application.csproj", "{B72D7C09-AEE1-4ED5-8D8E-FF5EBA5EF1BE}"
EndProject
Project("{2150E333-8FDC-42A3-9474-1A3956D46DE8}") = "authorization", "authorization", "{278F3FFB-8C21-435B-507F-61B78986A400}"
EndProject
Project("{FAE04EC0-301F-11D3-BF4B-00C04F79EFBC}") = "api", "authorization\api\api.csproj", "{E69D07F0-37CE-4001-AF7A-7885DEF437E0}"
EndProject
Project("{FAE04EC0-301F-11D3-BF4B-00C04F79EFBC}") = "infrastructure", "authorization\infrastructure\infrastructure.csproj", "{F6CB58FE-B3D9-496E-9C26-E732F840C211}"
EndProject
Project("{FAE04EC0-301F-11D3-BF4B-00C04F79EFBC}") = "domain", "authorization\domain\domain.csproj", "{6D33B778-2A57-44E6-8437-D3F04F741C74}"
EndProject
Project("{FAE04EC0-301F-11D3-BF4B-00C04F79EFBC}") = "application", "authorization\application\application.csproj", "{EB6CD5FB-C4D8-4D59-A69D-A7BE897E5390}"
EndProject
Project("{2150E333-8FDC-42A3-9474-1A3956D46DE8}") = "controlpannel", "controlpannel", "{BE0A6A04-7E0C-FBFF-DC70-117F5177486C}"
EndProject
Project("{FAE04EC0-301F-11D3-BF4B-00C04F79EFBC}") = "controlpannel.api", "controlpannel\controlpannel.api\controlpannel.api.csproj", "{E1B5358D-C6F0-4ECB-B76B-31561A9956E5}"
EndProject
Project("{FAE04EC0-301F-11D3-BF4B-00C04F79EFBC}") = "controlpannel.infrastructure", "controlpannel\controlpannel.infrastructure\controlpannel.infrastructure.csproj", "{E191F207-F870-4A92-8376-E36F7E5442FD}"
EndProject
Project("{FAE04EC0-301F-11D3-BF4B-00C04F79EFBC}") = "controlpannel.domain", "controlpannel\controlpannel.domain\controlpannel.domain.csproj", "{9384431D-8021-4F24-8B27-B429DD94B853}"
EndProject
Project("{FAE04EC0-301F-11D3-BF4B-00C04F79EFBC}") = "controlpannel.application", "controlpannel\controlpannel.application\controlpannel.application.csproj", "{872F7DE5-5283-49BA-9956-4C2725E66087}"
EndProject
Global
	GlobalSection(SolutionConfigurationPlatforms) = preSolution
		Debug|Any CPU = Debug|Any CPU
		Debug|x64 = Debug|x64
		Debug|x86 = Debug|x86
		Release|Any CPU = Release|Any CPU
		Release|x64 = Release|x64
		Release|x86 = Release|x86
	EndGlobalSection
	GlobalSection(ProjectConfigurationPlatforms) = postSolution
		{962E1245-A4C2-421A-8D1D-CA90ADEC374F}.Debug|Any CPU.ActiveCfg = Debug|Any CPU
		{962E1245-A4C2-421A-8D1D-CA90ADEC374F}.Debug|Any CPU.Build.0 = Debug|Any CPU
		{962E1245-A4C2-421A-8D1D-CA90ADEC374F}.Debug|x64.ActiveCfg = Debug|Any CPU
		{962E1245-A4C2-421A-8D1D-CA90ADEC374F}.Debug|x64.Build.0 = Debug|Any CPU
		{962E1245-A4C2-421A-8D1D-CA90ADEC374F}.Debug|x86.ActiveCfg = Debug|Any CPU
		{962E1245-A4C2-421A-8D1D-CA90ADEC374F}.Debug|x86.Build.0 = Debug|Any CPU
		{962E1245-A4C2-421A-8D1D-CA90ADEC374F}.Release|Any CPU.ActiveCfg = Release|Any CPU
		{962E1245-A4C2-421A-8D1D-CA90ADEC374F}.Release|Any CPU.Build.0 = Release|Any CPU
		{962E1245-A4C2-421A-8D1D-CA90ADEC374F}.Release|x64.ActiveCfg = Release|Any CPU
		{962E1245-A4C2-421A-8D1D-CA90ADEC374F}.Release|x64.Build.0 = Release|Any CPU
		{962E1245-A4C2-421A-8D1D-CA90ADEC374F}.Release|x86.ActiveCfg = Release|Any CPU
		{962E1245-A4C2-421A-8D1D-CA90ADEC374F}.Release|x86.Build.0 = Release|Any CPU
		{ABE0767A-6EDF-4867-BF35-BD703DAD593C}.Debug|Any CPU.ActiveCfg = Debug|Any CPU
		{ABE0767A-6EDF-4867-BF35-BD703DAD593C}.Debug|Any CPU.Build.0 = Debug|Any CPU
		{ABE0767A-6EDF-4867-BF35-BD703DAD593C}.Debug|x64.ActiveCfg = Debug|Any CPU
		{ABE0767A-6EDF-4867-BF35-BD703DAD593C}.Debug|x64.Build.0 = Debug|Any CPU
		{ABE0767A-6EDF-4867-BF35-BD703DAD593C}.Debug|x86.ActiveCfg = Debug|Any CPU
		{ABE0767A-6EDF-4867-BF35-BD703DAD593C}.Debug|x86.Build.0 = Debug|Any CPU
		{ABE0767A-6EDF-4867-BF35-BD703DAD593C}.Release|Any CPU.ActiveCfg = Release|Any CPU
		{ABE0767A-6EDF-4867-BF35-BD703DAD593C}.Release|Any CPU.Build.0 = Release|Any CPU
		{ABE0767A-6EDF-4867-BF35-BD703DAD593C}.Release|x64.ActiveCfg = Release|Any CPU
		{ABE0767A-6EDF-4867-BF35-BD703DAD593C}.Release|x64.Build.0 = Release|Any CPU
		{ABE0767A-6EDF-4867-BF35-BD703DAD593C}.Release|x86.ActiveCfg = Release|Any CPU
		{ABE0767A-6EDF-4867-BF35-BD703DAD593C}.Release|x86.Build.0 = Release|Any CPU
		{F96396B2-7B1D-44FE-82FC-BEFB919AB369}.Debug|Any CPU.ActiveCfg = Debug|Any CPU
		{F96396B2-7B1D-44FE-82FC-BEFB919AB369}.Debug|Any CPU.Build.0 = Debug|Any CPU
		{F96396B2-7B1D-44FE-82FC-BEFB919AB369}.Debug|x64.ActiveCfg = Debug|Any CPU
		{F96396B2-7B1D-44FE-82FC-BEFB919AB369}.Debug|x64.Build.0 = Debug|Any CPU
		{F96396B2-7B1D-44FE-82FC-BEFB919AB369}.Debug|x86.ActiveCfg = Debug|Any CPU
		{F96396B2-7B1D-44FE-82FC-BEFB919AB369}.Debug|x86.Build.0 = Debug|Any CPU
		{F96396B2-7B1D-44FE-82FC-BEFB919AB369}.Release|Any CPU.ActiveCfg = Release|Any CPU
		{F96396B2-7B1D-44FE-82FC-BEFB919AB369}.Release|Any CPU.Build.0 = Release|Any CPU
		{F96396B2-7B1D-44FE-82FC-BEFB919AB369}.Release|x64.ActiveCfg = Release|Any CPU
		{F96396B2-7B1D-44FE-82FC-BEFB919AB369}.Release|x64.Build.0 = Release|Any CPU
		{F96396B2-7B1D-44FE-82FC-BEFB919AB369}.Release|x86.ActiveCfg = Release|Any CPU
		{F96396B2-7B1D-44FE-82FC-BEFB919AB369}.Release|x86.Build.0 = Release|Any CPU
		{B72D7C09-AEE1-4ED5-8D8E-FF5EBA5EF1BE}.Debug|Any CPU.ActiveCfg = Debug|Any CPU
		{B72D7C09-AEE1-4ED5-8D8E-FF5EBA5EF1BE}.Debug|Any CPU.Build.0 = Debug|Any CPU
		{B72D7C09-AEE1-4ED5-8D8E-FF5EBA5EF1BE}.Debug|x64.ActiveCfg = Debug|Any CPU
		{B72D7C09-AEE1-4ED5-8D8E-FF5EBA5EF1BE}.Debug|x64.Build.0 = Debug|Any CPU
		{B72D7C09-AEE1-4ED5-8D8E-FF5EBA5EF1BE}.Debug|x86.ActiveCfg = Debug|Any CPU
		{B72D7C09-AEE1-4ED5-8D8E-FF5EBA5EF1BE}.Debug|x86.Build.0 = Debug|Any CPU
		{B72D7C09-AEE1-4ED5-8D8E-FF5EBA5EF1BE}.Release|Any CPU.ActiveCfg = Release|Any CPU
		{B72D7C09-AEE1-4ED5-8D8E-FF5EBA5EF1BE}.Release|Any CPU.Build.0 = Release|Any CPU
		{B72D7C09-AEE1-4ED5-8D8E-FF5EBA5EF1BE}.Release|x64.ActiveCfg = Release|Any CPU
		{B72D7C09-AEE1-4ED5-8D8E-FF5EBA5EF1BE}.Release|x64.Build.0 = Release|Any CPU
		{B72D7C09-AEE1-4ED5-8D8E-FF5EBA5EF1BE}.Release|x86.ActiveCfg = Release|Any CPU
		{B72D7C09-AEE1-4ED5-8D8E-FF5EBA5EF1BE}.Release|x86.Build.0 = Release|Any CPU
		{E69D07F0-37CE-4001-AF7A-7885DEF437E0}.Debug|Any CPU.ActiveCfg = Debug|Any CPU
		{E69D07F0-37CE-4001-AF7A-7885DEF437E0}.Debug|Any CPU.Build.0 = Debug|Any CPU
		{E69D07F0-37CE-4001-AF7A-7885DEF437E0}.Debug|x64.ActiveCfg = Debug|Any CPU
		{E69D07F0-37CE-4001-AF7A-7885DEF437E0}.Debug|x64.Build.0 = Debug|Any CPU
		{E69D07F0-37CE-4001-AF7A-7885DEF437E0}.Debug|x86.ActiveCfg = Debug|Any CPU
		{E69D07F0-37CE-4001-AF7A-7885DEF437E0}.Debug|x86.Build.0 = Debug|Any CPU
		{E69D07F0-37CE-4001-AF7A-7885DEF437E0}.Release|Any CPU.ActiveCfg = Release|Any CPU
		{E69D07F0-37CE-4001-AF7A-7885DEF437E0}.Release|Any CPU.Build.0 = Release|Any CPU
		{E69D07F0-37CE-4001-AF7A-7885DEF437E0}.Release|x64.ActiveCfg = Release|Any CPU
		{E69D07F0-37CE-4001-AF7A-7885DEF437E0}.Release|x64.Build.0 = Release|Any CPU
		{E69D07F0-37CE-4001-AF7A-7885DEF437E0}.Release|x86.ActiveCfg = Release|Any CPU
		{E69D07F0-37CE-4001-AF7A-7885DEF437E0}.Release|x86.Build.0 = Release|Any CPU
		{F6CB58FE-B3D9-496E-9C26-E732F840C211}.Debug|Any CPU.ActiveCfg = Debug|Any CPU
		{F6CB58FE-B3D9-496E-9C26-E732F840C211}.Debug|Any CPU.Build.0 = Debug|Any CPU
		{F6CB58FE-B3D9-496E-9C26-E732F840C211}.Debug|x64.ActiveCfg = Debug|Any CPU
		{F6CB58FE-B3D9-496E-9C26-E732F840C211}.Debug|x64.Build.0 = Debug|Any CPU
		{F6CB58FE-B3D9-496E-9C26-E732F840C211}.Debug|x86.ActiveCfg = Debug|Any CPU
		{F6CB58FE-B3D9-496E-9C26-E732F840C211}.Debug|x86.Build.0 = Debug|Any CPU
		{F6CB58FE-B3D9-496E-9C26-E732F840C211}.Release|Any CPU.ActiveCfg = Release|Any CPU
		{F6CB58FE-B3D9-496E-9C26-E732F840C211}.Release|Any CPU.Build.0 = Release|Any CPU
		{F6CB58FE-B3D9-496E-9C26-E732F840C211}.Release|x64.ActiveCfg = Release|Any CPU
		{F6CB58FE-B3D9-496E-9C26-E732F840C211}.Release|x64.Build.0 = Release|Any CPU
		{F6CB58FE-B3D9-496E-9C26-E732F840C211}.Release|x86.ActiveCfg = Release|Any CPU
		{F6CB58FE-B3D9-496E-9C26-E732F840C211}.Release|x86.Build.0 = Release|Any CPU
		{6D33B778-2A57-44E6-8437-D3F04F741C74}.Debug|Any CPU.ActiveCfg = Debug|Any CPU
		{6D33B778-2A57-44E6-8437-D3F04F741C74}.Debug|Any CPU.Build.0 = Debug|Any CPU
		{6D33B778-2A57-44E6-8437-D3F04F741C74}.Debug|x64.ActiveCfg = Debug|Any CPU
		{6D33B778-2A57-44E6-8437-D3F04F741C74}.Debug|x64.Build.0 = Debug|Any CPU
		{6D33B778-2A57-44E6-8437-D3F04F741C74}.Debug|x86.ActiveCfg = Debug|Any CPU
		{6D33B778-2A57-44E6-8437-D3F04F741C74}.Debug|x86.Build.0 = Debug|Any CPU
		{6D33B778-2A57-44E6-8437-D3F04F741C74}.Release|Any CPU.ActiveCfg = Release|Any CPU
		{6D33B778-2A57-44E6-8437-D3F04F741C74}.Release|Any CPU.Build.0 = Release|Any CPU
		{6D33B778-2A57-44E6-8437-D3F04F741C74}.Release|x64.ActiveCfg = Release|Any CPU
		{6D33B778-2A57-44E6-8437-D3F04F741C74}.Release|x64.Build.0 = Release|Any CPU
		{6D33B778-2A57-44E6-8437-D3F04F741C74}.Release|x86.ActiveCfg = Release|Any CPU
		{6D33B778-2A57-44E6-8437-D3F04F741C74}.Release|x86.Build.0 = Release|Any CPU
		{EB6CD5FB-C4D8-4D59-A69D-A7BE897E5390}.Debug|Any CPU.ActiveCfg = Debug|Any CPU
		{EB6CD5FB-C4D8-4D59-A69D-A7BE897E5390}.Debug|Any CPU.Build.0 = Debug|Any CPU
		{EB6CD5FB-C4D8-4D59-A69D-A7BE897E5390}.Debug|x64.ActiveCfg = Debug|Any CPU
		{EB6CD5FB-C4D8-4D59-A69D-A7BE897E5390}.Debug|x64.Build.0 = Debug|Any CPU
		{EB6CD5FB-C4D8-4D59-A69D-A7BE897E5390}.Debug|x86.ActiveCfg = Debug|Any CPU
		{EB6CD5FB-C4D8-4D59-A69D-A7BE897E5390}.Debug|x86.Build.0 = Debug|Any CPU
		{EB6CD5FB-C4D8-4D59-A69D-A7BE897E5390}.Release|Any CPU.ActiveCfg = Release|Any CPU
		{EB6CD5FB-C4D8-4D59-A69D-A7BE897E5390}.Release|Any CPU.Build.0 = Release|Any CPU
		{EB6CD5FB-C4D8-4D59-A69D-A7BE897E5390}.Release|x64.ActiveCfg = Release|Any CPU
		{EB6CD5FB-C4D8-4D59-A69D-A7BE897E5390}.Release|x64.Build.0 = Release|Any CPU
		{EB6CD5FB-C4D8-4D59-A69D-A7BE897E5390}.Release|x86.ActiveCfg = Release|Any CPU
		{EB6CD5FB-C4D8-4D59-A69D-A7BE897E5390}.Release|x86.Build.0 = Release|Any CPU
		{E1B5358D-C6F0-4ECB-B76B-31561A9956E5}.Debug|Any CPU.ActiveCfg = Debug|Any CPU
		{E1B5358D-C6F0-4ECB-B76B-31561A9956E5}.Debug|Any CPU.Build.0 = Debug|Any CPU
		{E1B5358D-C6F0-4ECB-B76B-31561A9956E5}.Debug|x64.ActiveCfg = Debug|Any CPU
		{E1B5358D-C6F0-4ECB-B76B-31561A9956E5}.Debug|x64.Build.0 = Debug|Any CPU
		{E1B5358D-C6F0-4ECB-B76B-31561A9956E5}.Debug|x86.ActiveCfg = Debug|Any CPU
		{E1B5358D-C6F0-4ECB-B76B-31561A9956E5}.Debug|x86.Build.0 = Debug|Any CPU
		{E1B5358D-C6F0-4ECB-B76B-31561A9956E5}.Release|Any CPU.ActiveCfg = Release|Any CPU
		{E1B5358D-C6F0-4ECB-B76B-31561A9956E5}.Release|Any CPU.Build.0 = Release|Any CPU
		{E1B5358D-C6F0-4ECB-B76B-31561A9956E5}.Release|x64.ActiveCfg = Release|Any CPU
		{E1B5358D-C6F0-4ECB-B76B-31561A9956E5}.Release|x64.Build.0 = Release|Any CPU
		{E1B5358D-C6F0-4ECB-B76B-31561A9956E5}.Release|x86.ActiveCfg = Release|Any CPU
		{E1B5358D-C6F0-4ECB-B76B-31561A9956E5}.Release|x86.Build.0 = Release|Any CPU
		{E191F207-F870-4A92-8376-E36F7E5442FD}.Debug|Any CPU.ActiveCfg = Debug|Any CPU
		{E191F207-F870-4A92-8376-E36F7E5442FD}.Debug|Any CPU.Build.0 = Debug|Any CPU
		{E191F207-F870-4A92-8376-E36F7E5442FD}.Debug|x64.ActiveCfg = Debug|Any CPU
		{E191F207-F870-4A92-8376-E36F7E5442FD}.Debug|x64.Build.0 = Debug|Any CPU
		{E191F207-F870-4A92-8376-E36F7E5442FD}.Debug|x86.ActiveCfg = Debug|Any CPU
		{E191F207-F870-4A92-8376-E36F7E5442FD}.Debug|x86.Build.0 = Debug|Any CPU
		{E191F207-F870-4A92-8376-E36F7E5442FD}.Release|Any CPU.ActiveCfg = Release|Any CPU
		{E191F207-F870-4A92-8376-E36F7E5442FD}.Release|Any CPU.Build.0 = Release|Any CPU
		{E191F207-F870-4A92-8376-E36F7E5442FD}.Release|x64.ActiveCfg = Release|Any CPU
		{E191F207-F870-4A92-8376-E36F7E5442FD}.Release|x64.Build.0 = Release|Any CPU
		{E191F207-F870-4A92-8376-E36F7E5442FD}.Release|x86.ActiveCfg = Release|Any CPU
		{E191F207-F870-4A92-8376-E36F7E5442FD}.Release|x86.Build.0 = Release|Any CPU
		{9384431D-8021-4F24-8B27-B429DD94B853}.Debug|Any CPU.ActiveCfg = Debug|Any CPU
		{9384431D-8021-4F24-8B27-B429DD94B853}.Debug|Any CPU.Build.0 = Debug|Any CPU
		{9384431D-8021-4F24-8B27-B429DD94B853}.Debug|x64.ActiveCfg = Debug|Any CPU
		{9384431D-8021-4F24-8B27-B429DD94B853}.Debug|x64.Build.0 = Debug|Any CPU
		{9384431D-8021-4F24-8B27-B429DD94B853}.Debug|x86.ActiveCfg = Debug|Any CPU
		{9384431D-8021-4F24-8B27-B429DD94B853}.Debug|x86.Build.0 = Debug|Any CPU
		{9384431D-8021-4F24-8B27-B429DD94B853}.Release|Any CPU.ActiveCfg = Release|Any CPU
		{9384431D-8021-4F24-8B27-B429DD94B853}.Release|Any CPU.Build.0 = Release|Any CPU
		{9384431D-8021-4F24-8B27-B429DD94B853}.Release|x64.ActiveCfg = Release|Any CPU
		{9384431D-8021-4F24-8B27-B429DD94B853}.Release|x64.Build.0 = Release|Any CPU
		{9384431D-8021-4F24-8B27-B429DD94B853}.Release|x86.ActiveCfg = Release|Any CPU
		{9384431D-8021-4F24-8B27-B429DD94B853}.Release|x86.Build.0 = Release|Any CPU
		{872F7DE5-5283-49BA-9956-4C2725E66087}.Debug|Any CPU.ActiveCfg = Debug|Any CPU
		{872F7DE5-5283-49BA-9956-4C2725E66087}.Debug|Any CPU.Build.0 = Debug|Any CPU
		{872F7DE5-5283-49BA-9956-4C2725E66087}.Debug|x64.ActiveCfg = Debug|Any CPU
		{872F7DE5-5283-49BA-9956-4C2725E66087}.Debug|x64.Build.0 = Debug|Any CPU
		{872F7DE5-5283-49BA-9956-4C2725E66087}.Debug|x86.ActiveCfg = Debug|Any CPU
		{872F7DE5-5283-49BA-9956-4C2725E66087}.Debug|x86.Build.0 = Debug|Any CPU
		{872F7DE5-5283-49BA-9956-4C2725E66087}.Release|Any CPU.ActiveCfg = Release|Any CPU
		{872F7DE5-5283-49BA-9956-4C2725E66087}.Release|Any CPU.Build.0 = Release|Any CPU
		{872F7DE5-5283-49BA-9956-4C2725E66087}.Release|x64.ActiveCfg = Release|Any CPU
		{872F7DE5-5283-49BA-9956-4C2725E66087}.Release|x64.Build.0 = Release|Any CPU
		{872F7DE5-5283-49BA-9956-4C2725E66087}.Release|x86.ActiveCfg = Release|Any CPU
		{872F7DE5-5283-49BA-9956-4C2725E66087}.Release|x86.Build.0 = Release|Any CPU
	EndGlobalSection
	GlobalSection(SolutionProperties) = preSolution
		HideSolutionNode = FALSE
	EndGlobalSection
	GlobalSection(NestedProjects) = preSolution
		{962E1245-A4C2-421A-8D1D-CA90ADEC374F} = {4695A4CC-2808-B473-78D8-BE303A4A5026}
		{ABE0767A-6EDF-4867-BF35-BD703DAD593C} = {4695A4CC-2808-B473-78D8-BE303A4A5026}
		{F96396B2-7B1D-44FE-82FC-BEFB919AB369} = {4695A4CC-2808-B473-78D8-BE303A4A5026}
		{B72D7C09-AEE1-4ED5-8D8E-FF5EBA5EF1BE} = {4695A4CC-2808-B473-78D8-BE303A4A5026}
		{E69D07F0-37CE-4001-AF7A-7885DEF437E0} = {278F3FFB-8C21-435B-507F-61B78986A400}
		{F6CB58FE-B3D9-496E-9C26-E732F840C211} = {278F3FFB-8C21-435B-507F-61B78986A400}
		{6D33B778-2A57-44E6-8437-D3F04F741C74} = {278F3FFB-8C21-435B-507F-61B78986A400}
		{EB6CD5FB-C4D8-4D59-A69D-A7BE897E5390} = {278F3FFB-8C21-435B-507F-61B78986A400}
		{E1B5358D-C6F0-4ECB-B76B-31561A9956E5} = {BE0A6A04-7E0C-FBFF-DC70-117F5177486C}
		{E191F207-F870-4A92-8376-E36F7E5442FD} = {BE0A6A04-7E0C-FBFF-DC70-117F5177486C}
		{9384431D-8021-4F24-8B27-B429DD94B853} = {BE0A6A04-7E0C-FBFF-DC70-117F5177486C}
		{872F7DE5-5283-49BA-9956-4C2725E66087} = {BE0A6A04-7E0C-FBFF-DC70-117F5177486C}
	EndGlobalSection
EndGlobal
